# THIS IS AN AUTOGENERATED FILE. DO NOT EDIT THIS FILE DIRECTLY.
# yarn lockfile v1


"@actions/core@^1.10.0":
  version "1.10.1"
  resolved "https://registry.yarnpkg.com/@actions/core/-/core-1.10.1.tgz#61108e7ac40acae95ee36da074fa5850ca4ced8a"
  integrity sha512-3lBR9EDAY+iYIpTnTIXmWcNbX3T2kCkAEQGIQx4NVQ0575nk2k3GRZDTPQG+vVtS2izSLmINlxXf0uLtnrTP+g==
  dependencies:
    "@actions/http-client" "^2.0.1"
    uuid "^8.3.2"

"@actions/http-client@^2.0.1":
  version "2.2.0"
  resolved "https://registry.yarnpkg.com/@actions/http-client/-/http-client-2.2.0.tgz#f8239f375be6185fcd07765efdcf0031ad5df1a0"
  integrity sha512-q+epW0trjVUUHboliPb4UF9g2msf+w61b32tAkFEwL/IwP0DQWgbCMM0Hbe3e3WXSKz5VcUXbzJQgy8Hkra/Lg==
  dependencies:
    tunnel "^0.0.6"
    undici "^5.25.4"

"@babel/runtime@^7.20.13":
  version "7.23.9"
  resolved "https://registry.yarnpkg.com/@babel/runtime/-/runtime-7.23.9.tgz#47791a15e4603bb5f905bc0753801cf21d6345f7"
  integrity sha512-0CX6F+BI2s9dkUqr08KFrAIZgNFj75rdBU/DjCyYLIaV/quFjkk6T+EJ2LkZHyZTbEV4L5p97mNkUsHl2wLFAw==
  dependencies:
    regenerator-runtime "^0.14.0"

"@emnapi/core@^0.45.0":
  version "0.45.0"
  resolved "https://registry.yarnpkg.com/@emnapi/core/-/core-0.45.0.tgz#e58dc1f70ab3af3f6708991ba56d988088daf204"
  integrity sha512-DPWjcUDQkCeEM4VnljEOEcXdAD7pp8zSZsgOujk/LGIwCXWbXJngin+MO4zbH429lzeC3WbYLGjE2MaUOwzpyw==
  dependencies:
    tslib "^2.4.0"

"@emnapi/runtime@^0.45.0":
  version "0.45.0"
  resolved "https://registry.yarnpkg.com/@emnapi/runtime/-/runtime-0.45.0.tgz#e754de04c683263f34fd0c7f32adfe718bbe4ddd"
  integrity sha512-Txumi3td7J4A/xTTwlssKieHKTGl3j4A1tglBx72auZ49YK7ePY6XZricgIg9mnZT4xPfA+UPCUdnhRuEFDL+w==
  dependencies:
    tslib "^2.4.0"

"@fastify/busboy@^2.0.0":
  version "2.1.0"
  resolved "https://registry.yarnpkg.com/@fastify/busboy/-/busboy-2.1.0.tgz#0709e9f4cb252351c609c6e6d8d6779a8d25edff"
  integrity sha512-+KpH+QxZU7O4675t3mnkQKcZZg56u+K/Ct2K+N2AZYNVK8kyeo/bI18tI8aPm3tvNNRyTWfj6s5tnGNlcbQRsA==

"@node-rs/argon2-android-arm-eabi@1.7.0":
  version "1.7.0"
  resolved "https://registry.yarnpkg.com/@node-rs/argon2-android-arm-eabi/-/argon2-android-arm-eabi-1.7.0.tgz#9de6d4519e7b757d0e3480d4b108fd0d698be332"
  integrity sha512-udDqkr5P9E+wYX1SZwAVPdyfYvaF4ry9Tm+R9LkfSHbzWH0uhU6zjIwNRp7m+n4gx691rk+lqqDAIP8RLKwbhg==

"@node-rs/argon2-android-arm64@1.7.0":
  version "1.7.0"
  resolved "https://registry.yarnpkg.com/@node-rs/argon2-android-arm64/-/argon2-android-arm64-1.7.0.tgz#9e0d65e64002537f7145006d103582eceb87a8e3"
  integrity sha512-s9j/G30xKUx8WU50WIhF0fIl1EdhBGq0RQ06lEhZ0Gi0ap8lhqbE2Bn5h3/G2D1k0Dx+yjeVVNmt/xOQIRG38A==

"@node-rs/argon2-darwin-arm64@1.7.0":
  version "1.7.0"
  resolved "https://registry.yarnpkg.com/@node-rs/argon2-darwin-arm64/-/argon2-darwin-arm64-1.7.0.tgz#1d8f8d7a637313cf3b74ec81f8e21f6555d681b4"
  integrity sha512-ZIz4L6HGOB9U1kW23g+m7anGNuTZ0RuTw0vNp3o+2DWpb8u8rODq6A8tH4JRL79S+Co/Nq608m9uackN2pe0Rw==

"@node-rs/argon2-darwin-x64@1.7.0":
  version "1.7.0"
  resolved "https://registry.yarnpkg.com/@node-rs/argon2-darwin-x64/-/argon2-darwin-x64-1.7.0.tgz#2a63cffbd4212d40242f65d7c140cae16ba7ca24"
  integrity sha512-5oi/pxqVhODW/pj1+3zElMTn/YukQeywPHHYDbcAW3KsojFjKySfhcJMd1DjKTc+CHQI+4lOxZzSUzK7mI14Hw==

"@node-rs/argon2-freebsd-x64@1.7.0":
  version "1.7.0"
  resolved "https://registry.yarnpkg.com/@node-rs/argon2-freebsd-x64/-/argon2-freebsd-x64-1.7.0.tgz#637b15bada735c47e57ad5d6403f70083ae6c104"
  integrity sha512-Ify08683hA4QVXYoIm5SUWOY5DPIT/CMB0CQT+IdxQAg/F+qp342+lUkeAtD5bvStQuCx/dFO3bnnzoe2clMhA==

"@node-rs/argon2-linux-arm-gnueabihf@1.7.0":
  version "1.7.0"
  resolved "https://registry.yarnpkg.com/@node-rs/argon2-linux-arm-gnueabihf/-/argon2-linux-arm-gnueabihf-1.7.0.tgz#fe6d43cb9c9e43788dfb6bb76c78736cc5b6f717"
  integrity sha512-7DjDZ1h5AUHAtRNjD19RnQatbhL+uuxBASuuXIBu4/w6Dx8n7YPxwTP4MXfsvuRgKuMWiOb/Ub/HJ3kXVCXRkg==

"@node-rs/argon2-linux-arm64-gnu@1.7.0":
  version "1.7.0"
  resolved "https://registry.yarnpkg.com/@node-rs/argon2-linux-arm64-gnu/-/argon2-linux-arm64-gnu-1.7.0.tgz#f5e3f5a9dd2d55fe3dd9816e0581e99a1abe1698"
  integrity sha512-nJDoMP4Y3YcqGswE4DvP080w6O24RmnFEDnL0emdI8Nou17kNYBzP2546Nasx9GCyLzRcYQwZOUjrtUuQ+od2g==

"@node-rs/argon2-linux-arm64-musl@1.7.0":
  version "1.7.0"
  resolved "https://registry.yarnpkg.com/@node-rs/argon2-linux-arm64-musl/-/argon2-linux-arm64-musl-1.7.0.tgz#0e57f0d6ba78d3fd683583cffe5ec00b2e422ae5"
  integrity sha512-BKWS8iVconhE3jrb9mj6t1J9vwUqQPpzCbUKxfTGJfc+kNL58F1SXHBoe2cDYGnHrFEHTY0YochzXoAfm4Dm/A==

"@node-rs/argon2-linux-x64-gnu@1.7.0":
  version "1.7.0"
  resolved "https://registry.yarnpkg.com/@node-rs/argon2-linux-x64-gnu/-/argon2-linux-x64-gnu-1.7.0.tgz#d72bd52c970fe120b97ddb4a1f7719ccacf47c4a"
  integrity sha512-EmgqZOlf4Jurk/szW1iTsVISx25bKksVC5uttJDUloTgsAgIGReCpUUO1R24pBhu9ESJa47iv8NSf3yAfGv6jQ==

"@node-rs/argon2-linux-x64-musl@1.7.0":
  version "1.7.0"
  resolved "https://registry.yarnpkg.com/@node-rs/argon2-linux-x64-musl/-/argon2-linux-x64-musl-1.7.0.tgz#850b4fa411bd005d6815228d4495075434f46a5d"
  integrity sha512-/o1efYCYIxjfuoRYyBTi2Iy+1iFfhqHCvvVsnjNSgO1xWiWrX0Rrt/xXW5Zsl7vS2Y+yu8PL8KFWRzZhaVxfKA==

"@node-rs/argon2-wasm32-wasi@1.7.0":
  version "1.7.0"
  resolved "https://registry.yarnpkg.com/@node-rs/argon2-wasm32-wasi/-/argon2-wasm32-wasi-1.7.0.tgz#83b361b9e2ece101288306606fa883c2cba87e7d"
  integrity sha512-Evmk9VcxqnuwQftfAfYEr6YZYSPLzmKUsbFIMep5nTt9PT4XYRFAERj7wNYp+rOcBenF3X4xoB+LhwcOMTNE5w==
  dependencies:
    "@emnapi/core" "^0.45.0"
    "@emnapi/runtime" "^0.45.0"
    "@tybys/wasm-util" "^0.8.1"
    memfs-browser "^3.4.13000"

"@node-rs/argon2-win32-arm64-msvc@1.7.0":
  version "1.7.0"
  resolved "https://registry.yarnpkg.com/@node-rs/argon2-win32-arm64-msvc/-/argon2-win32-arm64-msvc-1.7.0.tgz#7a6dc4d456c94cd2bdaa720e11dd325e158fb3dd"
  integrity sha512-qgsU7T004COWWpSA0tppDqDxbPLgg8FaU09krIJ7FBl71Sz8SFO40h7fDIjfbTT5w7u6mcaINMQ5bSHu75PCaA==

"@node-rs/argon2-win32-ia32-msvc@1.7.0":
  version "1.7.0"
  resolved "https://registry.yarnpkg.com/@node-rs/argon2-win32-ia32-msvc/-/argon2-win32-ia32-msvc-1.7.0.tgz#8405f226b06354915ae10f919c54d0883f2fb632"
  integrity sha512-JGafwWYQ/HpZ3XSwP4adQ6W41pRvhcdXvpzIWtKvX+17+xEXAe2nmGWM6s27pVkg1iV2ZtoYLRDkOUoGqZkCcg==

"@node-rs/argon2-win32-x64-msvc@1.7.0":
  version "1.7.0"
  resolved "https://registry.yarnpkg.com/@node-rs/argon2-win32-x64-msvc/-/argon2-win32-x64-msvc-1.7.0.tgz#3983e08350dacfb30697923faf1ce34243e11c86"
  integrity sha512-9oq4ShyFakw8AG3mRls0AoCpxBFcimYx7+jvXeAf2OqKNO+mSA6eZ9z7KQeVCi0+SOEUYxMGf5UiGiDb9R6+9Q==

"@node-rs/argon2@1.7.0":
  version "1.7.0"
  resolved "https://registry.yarnpkg.com/@node-rs/argon2/-/argon2-1.7.0.tgz#80f3fdd7c5643b763a98bd0f5a2f2f975bcd95e5"
  integrity sha512-zfULc+/tmcWcxn+nHkbyY8vP3+MpEqKORbszt4UkpqZgBgDAAIYvuDN/zukfTgdmo6tmJKKVfzigZOPk4LlIog==
  optionalDependencies:
    "@node-rs/argon2-android-arm-eabi" "1.7.0"
    "@node-rs/argon2-android-arm64" "1.7.0"
    "@node-rs/argon2-darwin-arm64" "1.7.0"
    "@node-rs/argon2-darwin-x64" "1.7.0"
    "@node-rs/argon2-freebsd-x64" "1.7.0"
    "@node-rs/argon2-linux-arm-gnueabihf" "1.7.0"
    "@node-rs/argon2-linux-arm64-gnu" "1.7.0"
    "@node-rs/argon2-linux-arm64-musl" "1.7.0"
    "@node-rs/argon2-linux-x64-gnu" "1.7.0"
    "@node-rs/argon2-linux-x64-musl" "1.7.0"
    "@node-rs/argon2-wasm32-wasi" "1.7.0"
    "@node-rs/argon2-win32-arm64-msvc" "1.7.0"
    "@node-rs/argon2-win32-ia32-msvc" "1.7.0"
    "@node-rs/argon2-win32-x64-msvc" "1.7.0"

"@node-rs/bcrypt-android-arm-eabi@1.9.0":
  version "1.9.0"
  resolved "https://registry.yarnpkg.com/@node-rs/bcrypt-android-arm-eabi/-/bcrypt-android-arm-eabi-1.9.0.tgz#d31dab5aa9bb70a5fa09e30f101f3a997eb84a28"
  integrity sha512-nOCFISGtnodGHNiLrG0WYLWr81qQzZKYfmwHc7muUeq+KY0sQXyHOwZk9OuNQAWv/lnntmtbwkwT0QNEmOyLvA==

"@node-rs/bcrypt-android-arm64@1.9.0":
  version "1.9.0"
  resolved "https://registry.yarnpkg.com/@node-rs/bcrypt-android-arm64/-/bcrypt-android-arm64-1.9.0.tgz#0e1c7345460eb413484509b58d691f3152e1505f"
  integrity sha512-+ZrIAtigVmjYkqZQTThHVlz0+TG6D+GDHWhVKvR2DifjtqJ0i+mb9gjo++hN+fWEQdWNGxKCiBBjwgT4EcXd6A==

"@node-rs/bcrypt-darwin-arm64@1.9.0":
  version "1.9.0"
  resolved "https://registry.yarnpkg.com/@node-rs/bcrypt-darwin-arm64/-/bcrypt-darwin-arm64-1.9.0.tgz#b11d643b0031453670918b6168f0762fd56dd244"
  integrity sha512-CQiS+F9Pa0XozvkXR1g7uXE9QvBOPOplDg0iCCPRYTN9PqA5qYxhwe48G3o+v2UeQceNRrbnEtWuANm7JRqIhw==

"@node-rs/bcrypt-darwin-x64@1.9.0":
  version "1.9.0"
  resolved "https://registry.yarnpkg.com/@node-rs/bcrypt-darwin-x64/-/bcrypt-darwin-x64-1.9.0.tgz#f6b175a6b12c979de490e6c106b2458ff52fc5f0"
  integrity sha512-4pTKGawYd7sNEjdJ7R/R67uwQH1VvwPZ0SSUMmeNHbxD5QlwAPXdDH11q22uzVXsvNFZ6nGQBg8No5OUGpx6Ug==

"@node-rs/bcrypt-freebsd-x64@1.9.0":
  version "1.9.0"
  resolved "https://registry.yarnpkg.com/@node-rs/bcrypt-freebsd-x64/-/bcrypt-freebsd-x64-1.9.0.tgz#b2045f83c1b984e9bd76d7566cfa79c3e645aeff"
  integrity sha512-UmWzySX4BJhT/B8xmTru6iFif3h0Rpx3TqxRLCcbgmH43r7k5/9QuhpiyzpvKGpKHJCFNm4F3rC2wghvw5FCIg==

"@node-rs/bcrypt-linux-arm-gnueabihf@1.9.0":
  version "1.9.0"
  resolved "https://registry.yarnpkg.com/@node-rs/bcrypt-linux-arm-gnueabihf/-/bcrypt-linux-arm-gnueabihf-1.9.0.tgz#946c743f417528dd1ddb0950259b52502e4ab962"
  integrity sha512-8qoX4PgBND2cVwsbajoAWo3NwdfJPEXgpCsZQZURz42oMjbGyhhSYbovBCskGU3EBLoC8RA2B1jFWooeYVn5BA==

"@node-rs/bcrypt-linux-arm64-gnu@1.9.0":
  version "1.9.0"
  resolved "https://registry.yarnpkg.com/@node-rs/bcrypt-linux-arm64-gnu/-/bcrypt-linux-arm64-gnu-1.9.0.tgz#702882f1ff1ac02a18f5bdb0010f6a429ba86445"
  integrity sha512-TuAC6kx0SbcIA4mSEWPi+OCcDjTQUMl213v5gMNlttF+D4ieIZx6pPDGTaMO6M2PDHTeCG0CBzZl0Lu+9b0c7Q==

"@node-rs/bcrypt-linux-arm64-musl@1.9.0":
  version "1.9.0"
  resolved "https://registry.yarnpkg.com/@node-rs/bcrypt-linux-arm64-musl/-/bcrypt-linux-arm64-musl-1.9.0.tgz#207f1d7147d7e31d4fe03d02797f977d5dadebe8"
  integrity sha512-/sIvKDABOI8QOEnLD7hIj02BVaNOuCIWBKvxcJOt8+TuwJ6zmY1UI5kSv9d99WbiHjTp97wtAUbZQwauU4b9ew==

"@node-rs/bcrypt-linux-x64-gnu@1.9.0":
  version "1.9.0"
  resolved "https://registry.yarnpkg.com/@node-rs/bcrypt-linux-x64-gnu/-/bcrypt-linux-x64-gnu-1.9.0.tgz#4557dac7a939eaf24cb0ee1b9688b6d9e105373d"
  integrity sha512-DyyhDHDsLBsCKz1tZ1hLvUZSc1DK0FU0v52jK6IBQxrj24WscSU9zZe7ie/V9kdmA4Ep57BfpWX8Dsa2JxGdgQ==

"@node-rs/bcrypt-linux-x64-musl@1.9.0":
  version "1.9.0"
  resolved "https://registry.yarnpkg.com/@node-rs/bcrypt-linux-x64-musl/-/bcrypt-linux-x64-musl-1.9.0.tgz#c86ad58d70b71f703bbdd90c623f63ca38e2f751"
  integrity sha512-duIiuqQ+Lew8ASSAYm6ZRqcmfBGWwsi81XLUwz86a2HR7Qv6V4yc3ZAUQovAikhjCsIqe8C11JlAZSK6+PlXYg==

"@node-rs/bcrypt-wasm32-wasi@1.9.0":
  version "1.9.0"
  resolved "https://registry.yarnpkg.com/@node-rs/bcrypt-wasm32-wasi/-/bcrypt-wasm32-wasi-1.9.0.tgz#42ae8e2f80e5293d36dee53a14da34a5888ff0e6"
  integrity sha512-ylaGmn9Wjwv/D5lxtawttx3H6Uu2WTTR7lWlRHGT6Ga/MB1Vj4OjSGUW8G8zIVnKuXpGbZ92pgHlt4HUpSLctw==
  dependencies:
    "@emnapi/core" "^0.45.0"
    "@emnapi/runtime" "^0.45.0"
    "@tybys/wasm-util" "^0.8.1"
    memfs-browser "^3.4.13000"

"@node-rs/bcrypt-win32-arm64-msvc@1.9.0":
  version "1.9.0"
  resolved "https://registry.yarnpkg.com/@node-rs/bcrypt-win32-arm64-msvc/-/bcrypt-win32-arm64-msvc-1.9.0.tgz#4e31a59a76b5cb091e69b9548c798ce27908cb82"
  integrity sha512-2h86gF7QFyEzODuDFml/Dp1MSJoZjxJ4yyT2Erf4NkwsiA5MqowUhUsorRwZhX6+2CtlGa7orbwi13AKMsYndw==

"@node-rs/bcrypt-win32-ia32-msvc@1.9.0":
  version "1.9.0"
  resolved "https://registry.yarnpkg.com/@node-rs/bcrypt-win32-ia32-msvc/-/bcrypt-win32-ia32-msvc-1.9.0.tgz#89f23c2f66e578d13526a0b33405332ced6b8348"
  integrity sha512-kqxalCvhs4FkN0+gWWfa4Bdy2NQAkfiqq/CEf6mNXC13RSV673Ev9V8sRlQyNpCHCNkeXfOT9pgoBdJmMs9muA==

"@node-rs/bcrypt-win32-x64-msvc@1.9.0":
  version "1.9.0"
  resolved "https://registry.yarnpkg.com/@node-rs/bcrypt-win32-x64-msvc/-/bcrypt-win32-x64-msvc-1.9.0.tgz#9f061a05d5f2dc360a016081bfaed190b2145c84"
  integrity sha512-2y0Tuo6ZAT2Cz8V7DHulSlv1Bip3zbzeXyeur+uR25IRNYXKvI/P99Zl85Fbuu/zzYAZRLLlGTRe6/9IHofe/w==

"@node-rs/bcrypt@1.9.0":
  version "1.9.0"
  resolved "https://registry.yarnpkg.com/@node-rs/bcrypt/-/bcrypt-1.9.0.tgz#ad1560997939f7c7c4a7500ac272709ce5bde6f6"
  integrity sha512-u2OlIxW264bFUfvbFqDz9HZKFjwe8FHFtn7T/U8mYjPZ7DWYpbUB+/dkW/QgYfMSfR0ejkyuWaBBe0coW7/7ig==
  optionalDependencies:
    "@node-rs/bcrypt-android-arm-eabi" "1.9.0"
    "@node-rs/bcrypt-android-arm64" "1.9.0"
    "@node-rs/bcrypt-darwin-arm64" "1.9.0"
    "@node-rs/bcrypt-darwin-x64" "1.9.0"
    "@node-rs/bcrypt-freebsd-x64" "1.9.0"
    "@node-rs/bcrypt-linux-arm-gnueabihf" "1.9.0"
    "@node-rs/bcrypt-linux-arm64-gnu" "1.9.0"
    "@node-rs/bcrypt-linux-arm64-musl" "1.9.0"
    "@node-rs/bcrypt-linux-x64-gnu" "1.9.0"
    "@node-rs/bcrypt-linux-x64-musl" "1.9.0"
    "@node-rs/bcrypt-wasm32-wasi" "1.9.0"
    "@node-rs/bcrypt-win32-arm64-msvc" "1.9.0"
    "@node-rs/bcrypt-win32-ia32-msvc" "1.9.0"
    "@node-rs/bcrypt-win32-x64-msvc" "1.9.0"

"@otplib/core@^12.0.1":
  version "12.0.1"
  resolved "https://registry.yarnpkg.com/@otplib/core/-/core-12.0.1.tgz#73720a8cedce211fe5b3f683cd5a9c098eaf0f8d"
  integrity sha512-4sGntwbA/AC+SbPhbsziRiD+jNDdIzsZ3JUyfZwjtKyc/wufl1pnSIaG4Uqx8ymPagujub0o92kgBnB89cuAMA==

"@otplib/plugin-crypto@^12.0.1":
  version "12.0.1"
  resolved "https://registry.yarnpkg.com/@otplib/plugin-crypto/-/plugin-crypto-12.0.1.tgz#2b42c624227f4f9303c1c041fca399eddcbae25e"
  integrity sha512-qPuhN3QrT7ZZLcLCyKOSNhuijUi9G5guMRVrxq63r9YNOxxQjPm59gVxLM+7xGnHnM6cimY57tuKsjK7y9LM1g==
  dependencies:
    "@otplib/core" "^12.0.1"

"@otplib/plugin-thirty-two@^12.0.1":
  version "12.0.1"
  resolved "https://registry.yarnpkg.com/@otplib/plugin-thirty-two/-/plugin-thirty-two-12.0.1.tgz#5cc9b56e6e89f2a1fe4a2b38900ca4e11c87aa9e"
  integrity sha512-MtT+uqRso909UkbrrYpJ6XFjj9D+x2Py7KjTO9JDPhL0bJUYVu5kFP4TFZW4NFAywrAtFRxOVY261u0qwb93gA==
  dependencies:
    "@otplib/core" "^12.0.1"
    thirty-two "^1.0.2"

"@otplib/preset-default@^12.0.1":
  version "12.0.1"
  resolved "https://registry.yarnpkg.com/@otplib/preset-default/-/preset-default-12.0.1.tgz#cb596553c08251e71b187ada4a2246ad2a3165ba"
  integrity sha512-xf1v9oOJRyXfluBhMdpOkr+bsE+Irt+0D5uHtvg6x1eosfmHCsCC6ej/m7FXiWqdo0+ZUI6xSKDhJwc8yfiOPQ==
  dependencies:
    "@otplib/core" "^12.0.1"
    "@otplib/plugin-crypto" "^12.0.1"
    "@otplib/plugin-thirty-two" "^12.0.1"

"@otplib/preset-v11@^12.0.1":
  version "12.0.1"
  resolved "https://registry.yarnpkg.com/@otplib/preset-v11/-/preset-v11-12.0.1.tgz#4c7266712e7230500b421ba89252963c838fc96d"
  integrity sha512-9hSetMI7ECqbFiKICrNa4w70deTUfArtwXykPUvSHWOdzOlfa9ajglu7mNCntlvxycTiOAXkQGwjQCzzDEMRMg==
  dependencies:
    "@otplib/core" "^12.0.1"
    "@otplib/plugin-crypto" "^12.0.1"
    "@otplib/plugin-thirty-two" "^12.0.1"

"@panva/hkdf@^1.0.2":
  version "1.1.1"
  resolved "https://registry.yarnpkg.com/@panva/hkdf/-/hkdf-1.1.1.tgz#ab9cd8755d1976e72fc77a00f7655a64efe6cd5d"
  integrity sha512-dhPeilub1NuIG0X5Kvhh9lH4iW3ZsHlnzwgwbOlgwQ2wG1IqFzsgHqmKPk3WzsdWAeaxKJxgM0+W433RmN45GA==

"@tybys/wasm-util@^0.8.1":
  version "0.8.1"
  resolved "https://registry.yarnpkg.com/@tybys/wasm-util/-/wasm-util-0.8.1.tgz#10360976b7f679497ea8526791006417ff304abb"
  integrity sha512-GSsTwyBl4pIzsxAY5wroZdyQKyhXk0d8PCRZtrSZ2WEB1cBdrp2EgGBwHOGCZtIIPun/DL3+AykCv+J6fyRH4Q==
  dependencies:
    tslib "^2.4.0"

argparse@^1.0.7:
  version "1.0.10"
  resolved "https://registry.yarnpkg.com/argparse/-/argparse-1.0.10.tgz#bcd6791ea5ae09725e17e5ad988134cd40b3d911"
  integrity sha512-o5Roy6tNG4SL/FOkCAN6RzjiakZS25RLYFrcMttJqbdd8BWrnA+fGz57iN5Pb06pvBGvl5gQ0B48dJlslXvoTg==
  dependencies:
    sprintf-js "~1.0.2"

auri@1.0.2:
  version "1.0.2"
  resolved "https://registry.yarnpkg.com/auri/-/auri-1.0.2.tgz#693ec113093d83be7873c7bffc68b73b25beee61"
  integrity sha512-OC54Bv+hAPvYlo98ZwK3cTo2ijg0CBylaAO5dZ/xZQ7e897k0o4qtxkUPQHruJrFUnL5BebCXz+bUAeXQHp9dg==
  dependencies:
    "@actions/core" "^1.10.0"
    dotenv "^16.0.3"
    front-matter "^4.0.2"
    nanoid "^4.0.1"
    oslo "^1.0.3"

cookie@^0.5.0:
  version "0.5.0"
  resolved "https://registry.yarnpkg.com/cookie/-/cookie-0.5.0.tgz#d1f5d71adec6558c58f389987c366aa47e994f8b"
  integrity sha512-YZ3GUyn/o8gfKJlnlX7g7xq4gyO6OSuhGPKaaGssGB2qgDUS0gPgtTvoyZLTt9Ab6dC4hfc9dV5arkvc/OCmrw==

dotenv@^16.0.3:
  version "16.4.1"
  resolved "https://registry.yarnpkg.com/dotenv/-/dotenv-16.4.1.tgz#1d9931f1d3e5d2959350d1250efab299561f7f11"
  integrity sha512-CjA3y+Dr3FyFDOAMnxZEGtnW9KBR2M0JvvUtXNW+dYJL5ROWxP9DUHCwgFqpMk0OXCc0ljhaNTr2w/kutYIcHQ==

esprima@^4.0.0:
  version "4.0.1"
  resolved "https://registry.yarnpkg.com/esprima/-/esprima-4.0.1.tgz#13b04cdb3e6c5d19df91ab6987a8695619b0aa71"
  integrity sha512-eGuFFw7Upda+g4p+QHvnW0RyTX/SVeJBDM/gCtMARO0cLuT2HcEKnTPvhjV6aGeqrCB/sbNop0Kszm0jsaWU4A==

front-matter@^4.0.2:
  version "4.0.2"
  resolved "https://registry.yarnpkg.com/front-matter/-/front-matter-4.0.2.tgz#b14e54dc745cfd7293484f3210d15ea4edd7f4d5"
  integrity sha512-I8ZuJ/qG92NWX8i5x1Y8qyj3vizhXS31OxjKDu3LKP+7/qBgfIKValiZIEwoVoJKUHlhWtYrktkxV1XsX+pPlg==
  dependencies:
    js-yaml "^3.13.1"

fs-monkey@^1.0.4:
  version "1.0.5"
  resolved "https://registry.yarnpkg.com/fs-monkey/-/fs-monkey-1.0.5.tgz#fe450175f0db0d7ea758102e1d84096acb925788"
  integrity sha512-8uMbBjrhzW76TYgEV27Y5E//W2f/lTFmx78P2w19FZSxarhI/798APGQyuGCwmkNxgwGRhrLfvWyLBvNtuOmew==

jose@^4.11.4, jose@^4.15.4:
  version "4.15.4"
  resolved "https://registry.yarnpkg.com/jose/-/jose-4.15.4.tgz#02a9a763803e3872cf55f29ecef0dfdcc218cc03"
  integrity sha512-W+oqK4H+r5sITxfxpSU+MMdr/YSWGvgZMQDIsNoBDGGy4i7GBPTtvFKibQzW06n3U3TqHjhvBJsirShsEJ6eeQ==

jose@^5.2.1:
  version "5.2.1"
  resolved "https://registry.yarnpkg.com/jose/-/jose-5.2.1.tgz#ec3befe173896e592e2d9ef5f267d061ffb203c5"
  integrity sha512-qiaQhtQRw6YrOaOj0v59h3R6hUY9NvxBmmnMfKemkqYmBB0tEc97NbLP7ix44VP5p9/0YHG8Vyhzuo5YBNwviA==

js-yaml@^3.13.1:
  version "3.14.1"
  resolved "https://registry.yarnpkg.com/js-yaml/-/js-yaml-3.14.1.tgz#dae812fdb3825fa306609a8717383c50c36a0537"
  integrity sha512-okMH7OXXJ7YrN9Ok3/SXrnu4iX9yOk+25nqX4imS2npuvTYDmo/QEZoqwZkYaIDk3jVvBOTOIEgEhaLOynBS9g==
  dependencies:
    argparse "^1.0.7"
    esprima "^4.0.0"

lru-cache@^6.0.0:
  version "6.0.0"
  resolved "https://registry.yarnpkg.com/lru-cache/-/lru-cache-6.0.0.tgz#6d6fe6570ebd96aaf90fcad1dafa3b2566db3a94"
  integrity sha512-Jo6dJ04CmSjuznwJSS3pUeWmd/H0ffTlkXXgwZi+eq1UCmqQwCh+eLsYOYCwY991i2Fah4h1BEMCx4qThGbsiA==
  dependencies:
    yallist "^4.0.0"

memfs-browser@^3.4.13000:
  version "3.5.10302"
  resolved "https://registry.yarnpkg.com/memfs-browser/-/memfs-browser-3.5.10302.tgz#2067baf616a1b3a8e8023a033e5ead434a7ea0c0"
  integrity sha512-JJTc/nh3ig05O0gBBGZjTCPOyydaTxNF0uHYBrcc1gHNnO+KIHIvo0Y1FKCJsaei6FCl8C6xfQomXqu+cuzkIw==
  dependencies:
    memfs "3.5.3"

memfs@3.5.3:
  version "3.5.3"
  resolved "https://registry.yarnpkg.com/memfs/-/memfs-3.5.3.tgz#d9b40fe4f8d5788c5f895bda804cd0d9eeee9f3b"
  integrity sha512-UERzLsxzllchadvbPs5aolHh65ISpKpM+ccLbOJ8/vvpBKmAWf+la7dXFy7Mr0ySHbdHrFv5kGFCUHHe6GFEmw==
  dependencies:
    fs-monkey "^1.0.4"

nanoid@^4.0.1:
  version "4.0.2"
  resolved "https://registry.yarnpkg.com/nanoid/-/nanoid-4.0.2.tgz#140b3c5003959adbebf521c170f282c5e7f9fb9e"
  integrity sha512-7ZtY5KTCNheRGfEFxnedV5zFiORN1+Y1N6zvPTnHQd8ENUvfaDBeuJDZb2bN/oXwXxu3qkTXDzy57W5vAmDTBw==

next-auth@^4.24.5:
  version "4.24.5"
  resolved "https://registry.yarnpkg.com/next-auth/-/next-auth-4.24.5.tgz#1fd1bfc0603c61fd2ba6fd81b976af690edbf07e"
  integrity sha512-3RafV3XbfIKk6rF6GlLE4/KxjTcuMCifqrmD+98ejFq73SRoj2rmzoca8u764977lH/Q7jo6Xu6yM+Re1Mz/Og==
  dependencies:
    "@babel/runtime" "^7.20.13"
    "@panva/hkdf" "^1.0.2"
    cookie "^0.5.0"
    jose "^4.11.4"
    oauth "^0.9.15"
    openid-client "^5.4.0"
    preact "^10.6.3"
    preact-render-to-string "^5.1.19"
    uuid "^8.3.2"

oauth@^0.9.15:
  version "0.9.15"
  resolved "https://registry.yarnpkg.com/oauth/-/oauth-0.9.15.tgz#bd1fefaf686c96b75475aed5196412ff60cfb9c1"
  integrity sha512-a5ERWK1kh38ExDEfoO6qUHJb32rd7aYmPHuyCu3Fta/cnICvYmgd2uhuKXvPD+PXB+gCEYYEaQdIRAjCOwAKNA==

object-hash@^2.2.0:
  version "2.2.0"
  resolved "https://registry.yarnpkg.com/object-hash/-/object-hash-2.2.0.tgz#5ad518581eefc443bd763472b8ff2e9c2c0d54a5"
  integrity sha512-gScRMn0bS5fH+IuwyIFgnh9zBdo4DV+6GhygmWM9HyNJSgS0hScp1f5vjtm7oIIOiT9trXrShAkLFSc2IqKNgw==

oidc-token-hash@^5.0.3:
  version "5.0.3"
  resolved "https://registry.yarnpkg.com/oidc-token-hash/-/oidc-token-hash-5.0.3.tgz#9a229f0a1ce9d4fc89bcaee5478c97a889e7b7b6"
  integrity sha512-IF4PcGgzAr6XXSff26Sk/+P4KZFJVuHAJZj3wgO3vX2bMdNVp/QXTP3P7CEm9V1IdG8lDLY3HhiqpsE/nOwpPw==

openid-client@^5.4.0:
  version "5.6.4"
  resolved "https://registry.yarnpkg.com/openid-client/-/openid-client-5.6.4.tgz#b2c25e6d5338ba3ce00e04341bb286798a196177"
  integrity sha512-T1h3B10BRPKfcObdBklX639tVz+xh34O7GjofqrqiAQdm7eHsQ00ih18x6wuJ/E6FxdtS2u3FmUGPDeEcMwzNA==
  dependencies:
    jose "^4.15.4"
    lru-cache "^6.0.0"
    object-hash "^2.2.0"
    oidc-token-hash "^5.0.3"

oslo@^1.0.3, oslo@^1.1.0:
  version "1.1.0"
  resolved "https://registry.yarnpkg.com/oslo/-/oslo-1.1.0.tgz#cbf13ce1d74b14f686f06aece3cabb602522cee4"
  integrity sha512-uUvVt1boGt1aO0oMjzyzxIiDGAkfOdh6jPOzfJZBXsOsHuHfvTnrW7ealrBb27sgg5pHnTjmen6xPz4so+gQEQ==
  dependencies:
    "@node-rs/argon2" "1.7.0"
    "@node-rs/bcrypt" "1.9.0"
    auri "1.0.2"

otplib@^12.0.1:
  version "12.0.1"
  resolved "https://registry.yarnpkg.com/otplib/-/otplib-12.0.1.tgz#c1d3060ab7aadf041ed2960302f27095777d1f73"
  integrity sha512-xDGvUOQjop7RDgxTQ+o4pOol0/3xSZzawTiPKRrHnQWAy0WjhNs/5HdIDJCrqC4MBynmjXgULc6YfioaxZeFgg==
  dependencies:
    "@otplib/core" "^12.0.1"
    "@otplib/preset-default" "^12.0.1"
    "@otplib/preset-v11" "^12.0.1"

preact-render-to-string@^5.1.19:
  version "5.2.6"
  resolved "https://registry.yarnpkg.com/preact-render-to-string/-/preact-render-to-string-5.2.6.tgz#0ff0c86cd118d30affb825193f18e92bd59d0604"
  integrity sha512-JyhErpYOvBV1hEPwIxc/fHWXPfnEGdRKxc8gFdAZ7XV4tlzyzG847XAyEZqoDnynP88akM4eaHcSOzNcLWFguw==
  dependencies:
    pretty-format "^3.8.0"

preact@^10.6.3:
  version "10.19.3"
  resolved "https://registry.yarnpkg.com/preact/-/preact-10.19.3.tgz#7a7107ed2598a60676c943709ea3efb8aaafa899"
  integrity sha512-nHHTeFVBTHRGxJXKkKu5hT8C/YWBkPso4/Gad6xuj5dbptt9iF9NZr9pHbPhBrnT2klheu7mHTxTZ/LjwJiEiQ==

pretty-format@^3.8.0:
  version "3.8.0"
  resolved "https://registry.yarnpkg.com/pretty-format/-/pretty-format-3.8.0.tgz#bfbed56d5e9a776645f4b1ff7aa1a3ac4fa3c385"
  integrity sha512-WuxUnVtlWL1OfZFQFuqvnvs6MiAGk9UNsBostyBOB0Is9wb5uRESevA6rnl/rkksXaGX3GzZhPup5d6Vp1nFew==

regenerator-runtime@^0.14.0:
  version "0.14.1"
  resolved "https://registry.yarnpkg.com/regenerator-runtime/-/regenerator-runtime-0.14.1.tgz#356ade10263f685dda125100cd862c1db895327f"
  integrity sha512-dYnhHh0nJoMfnkZs6GmmhFknAGRrLznOu5nc9ML+EJxGvrx6H7teuevqVqCuPcPK//3eDrrjQhehXVx9cnkGdw==

sprintf-js@~1.0.2:
  version "1.0.3"
  resolved "https://registry.yarnpkg.com/sprintf-js/-/sprintf-js-1.0.3.tgz#04e6926f662895354f3dd015203633b857297e2c"
  integrity sha512-D9cPgkvLlV3t3IzL0D0YLvGA9Ahk4PcvVwUbN0dSGr1aP0Nrt4AEnTUbuGvquEC0mA64Gqt1fzirlRs5ibXx8g==

thirty-two@^1.0.2:
  version "1.0.2"
  resolved "https://registry.yarnpkg.com/thirty-two/-/thirty-two-1.0.2.tgz#4ca2fffc02a51290d2744b9e3f557693ca6b627a"
  integrity sha512-OEI0IWCe+Dw46019YLl6V10Us5bi574EvlJEOcAkB29IzQ/mYD1A6RyNHLjZPiHCmuodxvgF6U+vZO1L15lxVA==

tslib@^2.4.0:
  version "2.6.2"
  resolved "https://registry.yarnpkg.com/tslib/-/tslib-2.6.2.tgz#703ac29425e7b37cd6fd456e92404d46d1f3e4ae"
  integrity sha512-AEYxH93jGFPn/a2iVAwW87VuUIkR1FVUKB77NwMF7nBTDkDrrT/Hpt/IrCJ0QXhW27jTBDcf5ZY7w6RiqTMw2Q==

tunnel@^0.0.6:
  version "0.0.6"
  resolved "https://registry.yarnpkg.com/tunnel/-/tunnel-0.0.6.tgz#72f1314b34a5b192db012324df2cc587ca47f92c"
  integrity sha512-1h/Lnq9yajKY2PEbBadPXj3VxsDDu844OnaAo52UVmIzIvwwtBPIuNvkjuzBlTWpfJyUbG3ez0KSBibQkj4ojg==

undici@^5.25.4:
  version "5.28.3"
  resolved "https://registry.yarnpkg.com/undici/-/undici-5.28.3.tgz#a731e0eff2c3fcfd41c1169a869062be222d1e5b"
  integrity sha512-3ItfzbrhDlINjaP0duwnNsKpDQk3acHI3gVJ1z4fmwMK31k5G9OVIAMLSIaP6w4FaGkaAkN6zaQO9LUvZ1t7VA==
  dependencies:
    "@fastify/busboy" "^2.0.0"

uuid@^8.3.2:
  version "8.3.2"
  resolved "https://registry.yarnpkg.com/uuid/-/uuid-8.3.2.tgz#80d5b5ced271bb9af6c445f21a1a04c606cefbe2"
  integrity sha512-+NYs2QeMWy+GWFOEm9xnn6HCDp0l7QBD7ml8zLUmJ+93Q5NF0NocErnwkTkXVFNiX3/fpC6afS8Dhb/gz7R7eg==

yallist@^4.0.0:
  version "4.0.0"
  resolved "https://registry.yarnpkg.com/yallist/-/yallist-4.0.0.tgz#9bb92790d9c0effec63be73519e11a35019a3a72"
  integrity sha512-3wdGidZyq5PB084XLES5TpOSRA3wjXAlIWMhum2kRcv/41Sn2emQ0dycQW4uZXLejwKvg6EsvbdlVL+FYEct7A==
